<?xml version="1.0" encoding="utf-8"?>
<Project ToolsVersion="4.0" xmlns="http://schemas.microsoft.com/developer/msbuild/2003">
  <ItemGroup>
    <Filter Include="viewer">
      <UniqueIdentifier>{56df62b3-ea3e-47e2-ba38-f5fcdd12c373}</UniqueIdentifier>
    </Filter>
    <Filter Include="scene">
      <UniqueIdentifier>{264b18b3-2215-4c7a-9ef7-85b8ae8df5e9}</UniqueIdentifier>
    </Filter>
    <Filter Include="scene\Object">
      <UniqueIdentifier>{d390859a-33f7-445b-a3d4-46c56201ceb4}</UniqueIdentifier>
    </Filter>
  </ItemGroup>
  <ItemGroup>
    <ClCompile Include="viewer\Viewer.cpp">
      <Filter>viewer</Filter>
    </ClCompile>
    <ClCompile Include="main.cpp" />
    <ClCompile Include="scene\Scene.cpp">
      <Filter>scene</Filter>
    </ClCompile>
    <ClCompile Include="scene\OBJViewerScene.cpp">
      <Filter>scene</Filter>
    </ClCompile>
    <ClCompile Include="scene\Object\SquareObject.cpp">
      <Filter>scene\Object</Filter>
    </ClCompile>
  </ItemGroup>
  <ItemGroup>
    <ClInclude Include="viewer\Viewer.h">
      <Filter>viewer</Filter>
    </ClInclude>
    <ClInclude Include="scene\Scene.h">
      <Filter>scene</Filter>
    </ClInclude>
    <ClInclude Include="scene\OBJViewerScene.h">
      <Filter>scene</Filter>
    </ClInclude>
    <ClInclude Include="scene\Object\SquareObject.h">
      <Filter>scene\Object</Filter>
    </ClInclude>
  </ItemGroup>
</Project>