<?xml version="1.0" encoding="utf-8"?>
<Project ToolsVersion="4.0" xmlns="http://schemas.microsoft.com/developer/msbuild/2003">
  <ItemGroup>
    <Filter Include="external">
      <UniqueIdentifier>{f7fa2883-6346-4212-89a5-cb5bce5ac21f}</UniqueIdentifier>
    </Filter>
    <Filter Include="external\gl3w">
      <UniqueIdentifier>{a9427401-64f2-4c1d-be6d-d33de4512a60}</UniqueIdentifier>
    </Filter>
    <Filter Include="external\glfw">
      <UniqueIdentifier>{8716ee29-39ff-436e-8a64-6cf4c92692ee}</UniqueIdentifier>
    </Filter>
    <Filter Include="external\imgui">
      <UniqueIdentifier>{e8ae97cd-a797-48da-be9f-8a00d4fd8c16}</UniqueIdentifier>
    </Filter>
    <Filter Include="external\linmath.h">
      <UniqueIdentifier>{34db7b58-9081-4313-822b-3d39bd8cc4e3}</UniqueIdentifier>
    </Filter>
    <Filter Include="external\spdlog">
      <UniqueIdentifier>{f10fac4b-304b-46c2-b0c3-281f331f0e63}</UniqueIdentifier>
    </Filter>
    <Filter Include="viewer">
      <UniqueIdentifier>{f894a95e-1967-4acc-a2e9-ea5360b1bc8a}</UniqueIdentifier>
    </Filter>
    <Filter Include="viewer\scene">
      <UniqueIdentifier>{87a09123-e539-4254-8733-71539a1ba633}</UniqueIdentifier>
    </Filter>
    <Filter Include="util">
      <UniqueIdentifier>{fd468ace-2c93-4396-8aae-03c1f1e4a67f}</UniqueIdentifier>
    </Filter>
    <Filter Include="Component">
      <UniqueIdentifier>{6749a0cb-893d-436b-b778-75fd5c315523}</UniqueIdentifier>
    </Filter>
    <Filter Include="GL">
      <UniqueIdentifier>{90fe7e3f-c597-4cc9-9204-aa031fea6813}</UniqueIdentifier>
    </Filter>
    <Filter Include="GL\shader">
      <UniqueIdentifier>{e8e5d34b-577a-4d9f-b6ab-325966eebd05}</UniqueIdentifier>
    </Filter>
    <Filter Include="Component\ImguiComponent">
      <UniqueIdentifier>{78b433bd-364c-41f8-8101-b8a6fc0d1430}</UniqueIdentifier>
    </Filter>
  </ItemGroup>
  <ItemGroup>
    <ClInclude Include="external\gl3w\GL\gl3w.h">
      <Filter>external\gl3w</Filter>
    </ClInclude>
    <ClInclude Include="external\gl3w\GL\glcorearb.h">
      <Filter>external\gl3w</Filter>
    </ClInclude>
    <ClInclude Include="external\glfw-3.2.1\include\GLFW\glfw3.h">
      <Filter>external\glfw</Filter>
    </ClInclude>
    <ClInclude Include="external\imgui-1.53\imgui_impl_glfw_gl3.h">
      <Filter>external\imgui</Filter>
    </ClInclude>
    <ClInclude Include="external\imgui-1.53\imgui_internal.h">
      <Filter>external\imgui</Filter>
    </ClInclude>
    <ClInclude Include="external\imgui-1.53\stb_rect_pack.h">
      <Filter>external\imgui</Filter>
    </ClInclude>
    <ClInclude Include="external\imgui-1.53\stb_textedit.h">
      <Filter>external\imgui</Filter>
    </ClInclude>
    <ClInclude Include="external\imgui-1.53\stb_truetype.h">
      <Filter>external\imgui</Filter>
    </ClInclude>
    <ClInclude Include="external\imgui-1.53\imconfig.h">
      <Filter>external\imgui</Filter>
    </ClInclude>
    <ClInclude Include="external\imgui-1.53\imgui.h">
      <Filter>external\imgui</Filter>
    </ClInclude>
    <ClInclude Include="external\linmath.h\linmath.h">
      <Filter>external\linmath.h</Filter>
    </ClInclude>
    <ClInclude Include="external\spdlog\spdlog\spdlog.h">
      <Filter>external\spdlog</Filter>
    </ClInclude>
    <ClInclude Include="viewer\Viewer.h">
      <Filter>viewer</Filter>
    </ClInclude>
    <ClInclude Include="viewer\scene\Scene.h">
      <Filter>viewer\scene</Filter>
    </ClInclude>
    <ClInclude Include="viewer\scene\SceneGL20.h">
      <Filter>viewer\scene</Filter>
    </ClInclude>
    <ClInclude Include="viewer\scene\SceneGL32.h">
      <Filter>viewer\scene</Filter>
    </ClInclude>
    <ClInclude Include="viewer\scene\SceneGL33.h">
      <Filter>viewer\scene</Filter>
    </ClInclude>
    <ClInclude Include="viewer\scene\SceneGL40.h">
      <Filter>viewer\scene</Filter>
    </ClInclude>
    <ClInclude Include="util\File.h">
      <Filter>util</Filter>
    </ClInclude>
    <ClInclude Include="util\Log.h">
      <Filter>util</Filter>
    </ClInclude>
    <ClInclude Include="component\Component.h">
      <Filter>Component</Filter>
    </ClInclude>
    <ClInclude Include="component\InputComponent.h">
      <Filter>Component</Filter>
    </ClInclude>
    <ClInclude Include="component\GraphicsComponent.h">
      <Filter>Component</Filter>
    </ClInclude>
    <ClInclude Include="component\PhysicsComponent.h">
      <Filter>Component</Filter>
    </ClInclude>
    <ClInclude Include="component\ImguiComponent\ImguiComponent.h">
      <Filter>Component\ImguiComponent</Filter>
    </ClInclude>
    <ClInclude Include="GL\GLVertexUtil.h">
      <Filter>GL</Filter>
    </ClInclude>
    <ClInclude Include="GL\GLWindow.h">
      <Filter>GL</Filter>
    </ClInclude>
    <ClInclude Include="GL\GLShaderUtil.h">
      <Filter>GL</Filter>
    </ClInclude>
  </ItemGroup>
  <ItemGroup>
    <ClCompile Include="external\gl3w\GL\gl3w.c">
      <Filter>external\gl3w</Filter>
    </ClCompile>
    <ClCompile Include="external\imgui-1.53\imgui_draw.cpp">
      <Filter>external\imgui</Filter>
    </ClCompile>
    <ClCompile Include="external\imgui-1.53\imgui_impl_glfw_gl3.cpp">
      <Filter>external\imgui</Filter>
    </ClCompile>
    <ClCompile Include="external\imgui-1.53\imgui.cpp">
      <Filter>external\imgui</Filter>
    </ClCompile>
    <ClCompile Include="external\imgui-1.53\imgui_demo.cpp">
      <Filter>external\imgui</Filter>
    </ClCompile>
    <ClCompile Include="main.cpp" />
    <ClCompile Include="viewer\Viewer.cpp">
      <Filter>viewer</Filter>
    </ClCompile>
    <ClCompile Include="viewer\scene\SceneGL20.cpp">
      <Filter>viewer\scene</Filter>
    </ClCompile>
    <ClCompile Include="viewer\scene\SceneGL32.cpp">
      <Filter>viewer\scene</Filter>
    </ClCompile>
    <ClCompile Include="viewer\scene\SceneGL33.cpp">
      <Filter>viewer\scene</Filter>
    </ClCompile>
    <ClCompile Include="viewer\scene\SceneGL40.cpp">
      <Filter>viewer\scene</Filter>
    </ClCompile>
    <ClCompile Include="viewer\scene\Scene.cpp">
      <Filter>viewer\scene</Filter>
    </ClCompile>
    <ClCompile Include="util\Log.cpp">
      <Filter>util</Filter>
    </ClCompile>
    <ClCompile Include="util\File.cpp">
      <Filter>util</Filter>
    </ClCompile>
    <ClCompile Include="component\Component.cpp">
      <Filter>Component</Filter>
    </ClCompile>
    <ClCompile Include="component\InputComponent.cpp">
      <Filter>Component</Filter>
    </ClCompile>
    <ClCompile Include="component\GraphicsComponent.cpp">
      <Filter>Component</Filter>
    </ClCompile>
    <ClCompile Include="component\PhysicsComponent.cpp">
      <Filter>Component</Filter>
    </ClCompile>
    <ClCompile Include="component\ImguiComponent\ImguiComponent.cpp">
      <Filter>Component\ImguiComponent</Filter>
    </ClCompile>
    <ClCompile Include="GL\GLWindow.cpp">
      <Filter>GL</Filter>
    </ClCompile>
    <ClCompile Include="GL\GLShaderUtil.cpp">
      <Filter>GL</Filter>
    </ClCompile>
    <ClCompile Include="GL\GLVertexUtil.cpp">
      <Filter>GL</Filter>
    </ClCompile>
  </ItemGroup>
  <ItemGroup>
    <None Include="GL\shader\basicGL20.farg.glsl">
      <Filter>GL\shader</Filter>
    </None>
    <None Include="GL\shader\basicGL20.vert.glsl">
      <Filter>GL\shader</Filter>
    </None>
  </ItemGroup>
</Project>