<?xml version="1.0" encoding="utf-8"?>
<Project ToolsVersion="4.0" xmlns="http://schemas.microsoft.com/developer/msbuild/2003">
  <ItemGroup>
    <Filter Include="GL">
      <UniqueIdentifier>{8d795d4d-6386-4a61-8c21-b1d751057a5c}</UniqueIdentifier>
    </Filter>
    <Filter Include="util">
      <UniqueIdentifier>{9bec5628-5809-4ef3-b9b8-71e6bc916bba}</UniqueIdentifier>
    </Filter>
    <Filter Include="component">
      <UniqueIdentifier>{5ab7a199-87bc-4bb4-8120-3a16f653c6ea}</UniqueIdentifier>
    </Filter>
    <Filter Include="component\ImguiComponent">
      <UniqueIdentifier>{ee97ccfb-6cf2-4afc-9b6f-899a82e652ef}</UniqueIdentifier>
    </Filter>
    <Filter Include="component\SceneComponent">
      <UniqueIdentifier>{507b4f50-2b72-4783-bd33-7acd84847ebc}</UniqueIdentifier>
    </Filter>
    <Filter Include="external">
      <UniqueIdentifier>{1ee80db5-1e51-4892-a0ca-4053fa00d3b7}</UniqueIdentifier>
    </Filter>
    <Filter Include="external\gl3w">
      <UniqueIdentifier>{c0a8f5bc-9167-4540-8984-faafe2a61456}</UniqueIdentifier>
    </Filter>
    <Filter Include="external\imgui">
      <UniqueIdentifier>{46ae4d95-a5b3-48ea-bfbd-8188fe9468ba}</UniqueIdentifier>
    </Filter>
    <Filter Include="external\linmath.h">
      <UniqueIdentifier>{22cf429a-3d24-4672-abe7-067abbdc0915}</UniqueIdentifier>
    </Filter>
    <Filter Include="external\gl3w\GL">
      <UniqueIdentifier>{a7b2d45d-585c-43bc-92b4-3792526e8ee3}</UniqueIdentifier>
    </Filter>
    <Filter Include="external\tinyobjloaer">
      <UniqueIdentifier>{27683283-3f07-4728-b531-f9e40e7ce84f}</UniqueIdentifier>
    </Filter>
    <Filter Include="GL\shader">
      <UniqueIdentifier>{32836014-7139-495f-8845-65af1c54a3d7}</UniqueIdentifier>
    </Filter>
    <Filter Include="loader">
      <UniqueIdentifier>{6451a1e4-64a2-41b0-9041-b4b4d879d82c}</UniqueIdentifier>
    </Filter>
    <Filter Include="loader\OBJ">
      <UniqueIdentifier>{d88e0f32-9377-4c03-9a50-062a2bcc8c6a}</UniqueIdentifier>
    </Filter>
    <Filter Include="external\stb">
      <UniqueIdentifier>{6868b81f-0e07-474f-8ce9-d8150081eb7f}</UniqueIdentifier>
    </Filter>
    <Filter Include="external\glm">
      <UniqueIdentifier>{71737433-dea9-45c9-bddc-912f40ef3a62}</UniqueIdentifier>
    </Filter>
    <Filter Include="external\glm\glm">
      <UniqueIdentifier>{1aacac14-daf6-499c-b537-0fa9101d8967}</UniqueIdentifier>
    </Filter>
    <Filter Include="component\GLComponent">
      <UniqueIdentifier>{b1d6e55c-a692-419e-a147-3510b40c26cc}</UniqueIdentifier>
    </Filter>
  </ItemGroup>
  <ItemGroup>
    <ClCompile Include="util\Log.cpp">
      <Filter>util</Filter>
    </ClCompile>
    <ClCompile Include="GL\GLWindow.cpp">
      <Filter>GL</Filter>
    </ClCompile>
    <ClCompile Include="component\GraphicsComponent.cpp">
      <Filter>component</Filter>
    </ClCompile>
    <ClCompile Include="component\InputComponent.cpp">
      <Filter>component</Filter>
    </ClCompile>
    <ClCompile Include="component\PhysicsComponent.cpp">
      <Filter>component</Filter>
    </ClCompile>
    <ClCompile Include="component\Component.cpp">
      <Filter>component</Filter>
    </ClCompile>
    <ClCompile Include="component\SceneComponenet\SceneComponent.cpp">
      <Filter>component\SceneComponent</Filter>
    </ClCompile>
    <ClCompile Include="component\ImguiComponent\ImguiComponent.cpp">
      <Filter>component\ImguiComponent</Filter>
    </ClCompile>
    <ClCompile Include="component\SceneComponenet\SceneGL40Component.cpp">
      <Filter>component\SceneComponent</Filter>
    </ClCompile>
    <ClCompile Include="..\external\gl3w\GL\gl3w.c">
      <Filter>external\gl3w\GL</Filter>
    </ClCompile>
    <ClCompile Include="..\external\imgui-1.53\imgui_impl_glfw_gl3.cpp">
      <Filter>external\imgui</Filter>
    </ClCompile>
    <ClCompile Include="..\external\imgui-1.53\imgui.cpp">
      <Filter>external\imgui</Filter>
    </ClCompile>
    <ClCompile Include="..\external\imgui-1.53\imgui_demo.cpp">
      <Filter>external\imgui</Filter>
    </ClCompile>
    <ClCompile Include="..\external\imgui-1.53\imgui_draw.cpp">
      <Filter>external\imgui</Filter>
    </ClCompile>
    <ClCompile Include="loader\OBJ\OBJLoader.cpp">
      <Filter>loader\OBJ</Filter>
    </ClCompile>
    <ClCompile Include="GL\GLVertexUtil.cpp">
      <Filter>GL</Filter>
    </ClCompile>
    <ClCompile Include="GL\GLShaderUtil.cpp">
      <Filter>GL</Filter>
    </ClCompile>
    <ClCompile Include="component\SceneComponenet\SceneOBJComponent.cpp">
      <Filter>component\SceneComponent</Filter>
    </ClCompile>
    <ClCompile Include="stdafx.cpp" />
    <ClCompile Include="GL\GLCamera.cpp">
      <Filter>GL</Filter>
    </ClCompile>
    <ClCompile Include="component\GLComponent\GLCameraInputComponent.cpp">
      <Filter>component\GLComponent</Filter>
    </ClCompile>
  </ItemGroup>
  <ItemGroup>
    <ClInclude Include="util\Log.h">
      <Filter>util</Filter>
    </ClInclude>
    <ClInclude Include="GL\GLWindow.h">
      <Filter>GL</Filter>
    </ClInclude>
    <ClInclude Include="component\GraphicsComponent.h">
      <Filter>component</Filter>
    </ClInclude>
    <ClInclude Include="component\InputComponent.h">
      <Filter>component</Filter>
    </ClInclude>
    <ClInclude Include="component\PhysicsComponent.h">
      <Filter>component</Filter>
    </ClInclude>
    <ClInclude Include="component\Component.h">
      <Filter>component</Filter>
    </ClInclude>
    <ClInclude Include="component\SceneComponenet\SceneComponent.h">
      <Filter>component\SceneComponent</Filter>
    </ClInclude>
    <ClInclude Include="component\ImguiComponent\ImguiComponent.h">
      <Filter>component\ImguiComponent</Filter>
    </ClInclude>
    <ClInclude Include="component\SceneComponenet\SceneGL40Component.h">
      <Filter>component\SceneComponent</Filter>
    </ClInclude>
    <ClInclude Include="..\external\gl3w\GL\gl3w.h">
      <Filter>external\gl3w\GL</Filter>
    </ClInclude>
    <ClInclude Include="..\external\gl3w\GL\glcorearb.h">
      <Filter>external\gl3w\GL</Filter>
    </ClInclude>
    <ClInclude Include="..\external\imgui-1.53\imgui_impl_glfw_gl3.h">
      <Filter>external\imgui</Filter>
    </ClInclude>
    <ClInclude Include="..\external\imgui-1.53\imgui_internal.h">
      <Filter>external\imgui</Filter>
    </ClInclude>
    <ClInclude Include="..\external\imgui-1.53\stb_rect_pack.h">
      <Filter>external\imgui</Filter>
    </ClInclude>
    <ClInclude Include="..\external\imgui-1.53\stb_textedit.h">
      <Filter>external\imgui</Filter>
    </ClInclude>
    <ClInclude Include="..\external\imgui-1.53\stb_truetype.h">
      <Filter>external\imgui</Filter>
    </ClInclude>
    <ClInclude Include="..\external\imgui-1.53\imconfig.h">
      <Filter>external\imgui</Filter>
    </ClInclude>
    <ClInclude Include="..\external\imgui-1.53\imgui.h">
      <Filter>external\imgui</Filter>
    </ClInclude>
    <ClInclude Include="..\external\linmath.h\linmath.h">
      <Filter>external\linmath.h</Filter>
    </ClInclude>
    <ClInclude Include="..\external\tinyobjloader\tiny_obj_loader.h">
      <Filter>external\tinyobjloaer</Filter>
    </ClInclude>
    <ClInclude Include="loader\OBJ\OBJLoader.h">
      <Filter>loader\OBJ</Filter>
    </ClInclude>
    <ClInclude Include="GL\GLShaderUtil.h">
      <Filter>GL</Filter>
    </ClInclude>
    <ClInclude Include="GL\GLVertexUtil.h">
      <Filter>GL</Filter>
    </ClInclude>
    <ClInclude Include="component\SceneComponenet\SceneOBJComponent.h">
      <Filter>component\SceneComponent</Filter>
    </ClInclude>
    <ClInclude Include="..\external\stb\stb_image.h">
      <Filter>external\stb</Filter>
    </ClInclude>
    <ClInclude Include="stdafx.h" />
    <ClInclude Include="..\external\glm\glm\glm.hpp">
      <Filter>external\glm\glm</Filter>
    </ClInclude>
    <ClInclude Include="GL\GLCamera.h">
      <Filter>GL</Filter>
    </ClInclude>
    <ClInclude Include="component\GLComponent\GLCameraInputComponent.h">
      <Filter>component\GLComponent</Filter>
    </ClInclude>
  </ItemGroup>
  <ItemGroup>
    <None Include="GL\shader\color.frag">
      <Filter>GL\shader</Filter>
    </None>
    <None Include="GL\shader\color.vert">
      <Filter>GL\shader</Filter>
    </None>
  </ItemGroup>
</Project>